# @generated by Move, please check-in and do not edit manually.

[move]
version = 2
manifest_digest = "E48767808E287AB8032F40FF196DFF4F2115B976E2BA233C3995847F572F53E5"
deps_digest = "F8BBB0CCB2491CA29A3DF03D6F92277A4F3574266507ACD77214D37ECA3F3082"
dependencies = [
  { name = "Sui" },
]

[[move.package]]
name = "MoveStdlib"
source = { git = "https://github.com/MystenLabs/sui.git", rev = "framework/testnet", subdir = "crates/sui-framework/packages/move-stdlib" }

[[move.package]]
name = "Sui"
source = { git = "https://github.com/MystenLabs/sui.git", rev = "framework/testnet", subdir = "crates/sui-framework/packages/sui-framework" }

dependencies = [
  { name = "MoveStdlib" },
]

[move.toolchain-version]
compiler-version = "1.27.2"
edition = "2024.beta"
flavor = "sui"

[env]

[env.test]
chain-id = "4c78adac"
original-published-id = "0x7c78e11227532efe25e6839233135369e9951b8600cd170e4be6d8aace604f20"
latest-published-id = "0xa6342314a6b97c02e969171d039482a9d196bdf969ddc584225c9b431eb29f9e"
published-version = "2"
