# @generated by Move, please check-in and do not edit manually.

[move]
version = 2
manifest_digest = "3CBDA5900A5752C7DF1A301C90F0120A04A9A00FD26A5767C7378658C7FDA434"
deps_digest = "F8BBB0CCB2491CA29A3DF03D6F92277A4F3574266507ACD77214D37ECA3F3082"
dependencies = [
  { name = "Sui" },
]

[[move.package]]
name = "MoveStdlib"
source = { git = "https://github.com/MystenLabs/sui.git", rev = "framework/testnet", subdir = "crates/sui-framework/packages/move-stdlib" }

[[move.package]]
name = "Sui"
source = { git = "https://github.com/MystenLabs/sui.git", rev = "framework/testnet", subdir = "crates/sui-framework/packages/sui-framework" }

dependencies = [
  { name = "MoveStdlib" },
]

[move.toolchain-version]
compiler-version = "1.27.2"
edition = "2024.beta"
flavor = "sui"

[env]

[env.test]
chain-id = "4c78adac"
original-published-id = "0x167eccbd82fbedc1e10e7bbd0eb2b6ed80c7d90468d4dbe48152579d1bff9606"
latest-published-id = "0x90505ab070f4f5e46709ecf563c7247780166c12b1bf0e6065798653f2afd4aa"
published-version = "2"
